
Microsoft Visual Studio Solution File, Format Version 12.00
# Visual Studio 15
VisualStudioVersion = 15.0.27703.2047
MinimumVisualStudioVersion = 10.0.40219.1
Project("{FAE04EC0-301F-11D3-BF4B-00C04F79EFBC}") = "Space_Engineers", "Space_Engineers\Space_Engineers.csproj", "{BAA3272F-0E54-4A3A-A33C-0899CCC5580F}"
EndProject
Global
	GlobalSection(SolutionConfigurationPlatforms) = preSolution
		Debug|Any CPU = Debug|Any CPU
		Debug|x64 = Debug|x64
		Release|Any CPU = Release|Any CPU
		Release|x64 = Release|x64
	EndGlobalSection
	GlobalSection(ProjectConfigurationPlatforms) = postSolution
		{BAA3272F-0E54-4A3A-A33C-0899CCC5580F}.Debug|Any CPU.ActiveCfg = Debug|Any CPU
		{BAA3272F-0E54-4A3A-A33C-0899CCC5580F}.Debug|Any CPU.Build.0 = Debug|Any CPU
		{BAA3272F-0E54-4A3A-A33C-0899CCC5580F}.Debug|x64.ActiveCfg = Debug|x64
		{BAA3272F-0E54-4A3A-A33C-0899CCC5580F}.Debug|x64.Build.0 = Debug|x64
		{BAA3272F-0E54-4A3A-A33C-0899CCC5580F}.Release|Any CPU.ActiveCfg = Release|Any CPU
		{BAA3272F-0E54-4A3A-A33C-0899CCC5580F}.Release|Any CPU.Build.0 = Release|Any CPU
		{BAA3272F-0E54-4A3A-A33C-0899CCC5580F}.Release|x64.ActiveCfg = Release|x64
		{BAA3272F-0E54-4A3A-A33C-0899CCC5580F}.Release|x64.Build.0 = Release|x64
	EndGlobalSection
	GlobalSection(SolutionProperties) = preSolution
		HideSolutionNode = FALSE
	EndGlobalSection
	GlobalSection(ExtensibilityGlobals) = postSolution
		SolutionGuid = {D5E3E05C-C1DE-4DFC-AC42-FBC8A141AD49}
	EndGlobalSection
EndGlobal
